<?xml version="1.0" encoding="utf-8"?>
<Project ToolsVersion="4.0" xmlns="http://schemas.microsoft.com/developer/msbuild/2003">
  <ItemGroup>
    <ClCompile Include="src/main.cpp" />
    <ClCompile Include="src\Utils\Dunavant\triangle_dunavant_rule.cpp">
      <Filter>Utils\Dunavant</Filter>
    </ClCompile>
  </ItemGroup>
  <ItemGroup>
    <ClInclude Include="src/DG/Poisson_DG.h">
      <Filter>DG</Filter>
    </ClInclude>
    <ClInclude Include="src/DG/Poisson_DG_Element.h">
      <Filter>DG</Filter>
    </ClInclude>
    <ClInclude Include="src/DG/Poisson_DG_Face.h">
      <Filter>DG</Filter>
    </ClInclude>
    <ClInclude Include="src/FunctionalBasis/BasisFunction.h">
      <Filter>FunctionalBasis</Filter>
    </ClInclude>
    <ClInclude Include="src/FunctionalBasis/BasisFunctionFactory.h">
      <Filter>FunctionalBasis</Filter>
    </ClInclude>
    <ClInclude Include="src/FunctionalBasis/Bernstein1D.h">
      <Filter>FunctionalBasis</Filter>
    </ClInclude>
    <ClInclude Include="src/FunctionalBasis/Bernstein2D.h">
      <Filter>FunctionalBasis</Filter>
    </ClInclude>
    <ClInclude Include="src/FunctionalBasis/Bernstein3D.h">
      <Filter>FunctionalBasis</Filter>
    </ClInclude>
    <ClInclude Include="src/Mesh/Element.h">
      <Filter>Mesh</Filter>
    </ClInclude>
    <ClInclude Include="src/Mesh/Face.h">
      <Filter>Mesh</Filter>
    </ClInclude>
    <ClInclude Include="src/FunctionalBasis/FunctionalBasis.h">
      <Filter>FunctionalBasis</Filter>
    </ClInclude>
    <ClInclude Include="src/Utils/GaussLegendre.h">
      <Filter>Utils</Filter>
    </ClInclude>
    <ClInclude Include="src/Utils/L2.h">
      <Filter>Utils</Filter>
    </ClInclude>
    <ClInclude Include="src/FunctionalBasis/Legendre1D.h">
      <Filter>FunctionalBasis</Filter>
    </ClInclude>
    <ClInclude Include="src/FunctionalBasis/Monomial1D.h">
      <Filter>FunctionalBasis</Filter>
    </ClInclude>
    <ClInclude Include="src/Utils/NonZeroCoefficients.h">
      <Filter>Utils</Filter>
    </ClInclude>
    <ClInclude Include="src/Mesh/Point.h">
      <Filter>Mesh</Filter>
    </ClInclude>
    <ClInclude Include="src/HHO/Poisson_HHO.h">
      <Filter>HHO</Filter>
    </ClInclude>
    <ClInclude Include="src/HHO/Poisson_HHO_Element.h">
      <Filter>HHO</Filter>
    </ClInclude>
    <ClInclude Include="src/HHO/Poisson_HHO_Face.h">
      <Filter>HHO</Filter>
    </ClInclude>
    <ClInclude Include="src/FunctionalBasis/TensorPolynomial.h">
      <Filter>FunctionalBasis</Filter>
    </ClInclude>
    <ClInclude Include="src/Utils/Utils.h">
      <Filter>Utils</Filter>
    </ClInclude>
    <ClInclude Include="src\Mesh\Mesh.h">
      <Filter>Mesh</Filter>
    </ClInclude>
    <ClInclude Include="src\Utils\Action.h">
      <Filter>Utils</Filter>
    </ClInclude>
    <ClInclude Include="src\FunctionalBasis\Hemker1D.h">
      <Filter>FunctionalBasis</Filter>
    </ClInclude>
    <ClInclude Include="src\Mesh\CartesianElement.h">
      <Filter>Mesh</Filter>
    </ClInclude>
    <ClInclude Include="src\Utils\ParallelLoop.h">
      <Filter>Utils</Filter>
    </ClInclude>
    <ClInclude Include="src\Mesh\CartesianShape.h">
      <Filter>Mesh</Filter>
    </ClInclude>
    <ClInclude Include="src\Mesh\ReferenceCartesianShape.h">
      <Filter>Mesh</Filter>
    </ClInclude>
    <ClInclude Include="src\Solver\Multigrid.h">
      <Filter>Solver</Filter>
    </ClInclude>
    <ClInclude Include="src\Solver\Level.h">
      <Filter>Solver</Filter>
    </ClInclude>
    <ClInclude Include="src\Solver\Smoother.h">
      <Filter>Solver</Filter>
    </ClInclude>
    <ClInclude Include="src\Solver\IterativeSolver.h">
      <Filter>Solver</Filter>
    </ClInclude>
    <ClInclude Include="src\Solver\BlockSOR.h">
      <Filter>Solver</Filter>
    </ClInclude>
    <ClInclude Include="src\Solver\MultigridForHHO.h">
      <Filter>Solver</Filter>
    </ClInclude>
    <ClInclude Include="src\Solver\IterationResult.h">
      <Filter>Solver</Filter>
    </ClInclude>
    <ClInclude Include="src\Mesh\CartesianFace.h">
      <Filter>Mesh</Filter>
    </ClInclude>
    <ClInclude Include="src\Utils\ElementParallelLoop.h">
      <Filter>Utils</Filter>
    </ClInclude>
    <ClInclude Include="src/Mesh/1D/CartesianGrid1D.h">
      <Filter>Mesh\1D</Filter>
    </ClInclude>
    <ClInclude Include="src/Mesh/1D/Interval.h">
      <Filter>Mesh\1D</Filter>
    </ClInclude>
    <ClInclude Include="src/Mesh/2D/CartesianGrid2D.h">
      <Filter>Mesh\2D</Filter>
    </ClInclude>
    <ClInclude Include="src/Mesh/2D/Rectangle.h">
      <Filter>Mesh\2D</Filter>
    </ClInclude>
    <ClInclude Include="src/Mesh/3D/CartesianGrid3D.h">
      <Filter>Mesh\3D</Filter>
    </ClInclude>
    <ClInclude Include="src/Mesh/3D/Parallelepiped.h">
      <Filter>Mesh\3D</Filter>
    </ClInclude>
    <ClInclude Include="src/Mesh/3D/RectangularFace.h">
      <Filter>Mesh\3D</Filter>
    </ClInclude>
    <ClInclude Include="src\Mesh\1D\InterfacePoint.h">
      <Filter>Mesh\1D</Filter>
    </ClInclude>
    <ClInclude Include="src\Mesh\2D\RectangularPolygon.h">
      <Filter>Mesh\2D</Filter>
    </ClInclude>
    <ClInclude Include="src\Mesh\2D\CartesianPolygonalMesh2D.h">
      <Filter>Mesh\2D</Filter>
    </ClInclude>
    <ClInclude Include="src\Solver\Solver.h">
      <Filter>Solver</Filter>
    </ClInclude>
    <ClInclude Include="src\Solver\EigenSparseLU.h">
      <Filter>Solver</Filter>
    </ClInclude>
    <ClInclude Include="src\Solver\EigenCG.h">
      <Filter>Solver</Filter>
    </ClInclude>
    <ClInclude Include="src\Solver\AGMG.h">
      <Filter>Solver</Filter>
    </ClInclude>
    <ClInclude Include="src\Program.h" />
    <ClInclude Include="src\Solver\BlockJacobi.h">
      <Filter>Solver</Filter>
    </ClInclude>
    <ClInclude Include="src\Solver\SmootherFactory.h">
      <Filter>Solver</Filter>
    </ClInclude>
    <ClInclude Include="src\Utils\Types.h">
      <Filter>Utils</Filter>
    </ClInclude>
    <ClInclude Include="src\Utils\Timer.h">
      <Filter>Utils</Filter>
    </ClInclude>
    <ClInclude Include="src\Solver\ConjugateGradient.h">
      <Filter>Solver</Filter>
    </ClInclude>
    <ClInclude Include="src\Solver\Preconditioner.h">
      <Filter>Solver</Filter>
    </ClInclude>
    <ClInclude Include="src\HHO\HHOParameters.h">
      <Filter>HHO</Filter>
    </ClInclude>
    <ClInclude Include="src\Mesh\Vertex.h">
      <Filter>Mesh</Filter>
    </ClInclude>
    <ClInclude Include="src/Problem/PoissonProblem.h">
      <Filter>Problem</Filter>
    </ClInclude>
    <ClInclude Include="src\Problem\Tensor.h">
      <Filter>Problem</Filter>
    </ClInclude>
    <ClInclude Include="src/Problem/DiffusionPartition.h">
      <Filter>Problem</Filter>
    </ClInclude>
    <ClInclude Include="src/Problem/Problem.h">
      <Filter>Problem</Filter>
    </ClInclude>
    <ClInclude Include="src/Problem/SourceFunction.h">
      <Filter>Problem</Filter>
    </ClInclude>
    <ClInclude Include="src\Problem\BoundaryConditions.h">
      <Filter>Problem</Filter>
    </ClInclude>
    <ClInclude Include="src\Utils\Dunavant\triangle_dunavant_rule.hpp">
      <Filter>Utils\Dunavant</Filter>
    </ClInclude>
    <ClInclude Include="src\Mesh\2D\Triangle.h">
      <Filter>Mesh\2D</Filter>
    </ClInclude>
    <ClInclude Include="src\Mesh\2D\TriangularMesh.h">
      <Filter>Mesh\2D</Filter>
    </ClInclude>
    <ClInclude Include="src\Mesh\2D\CartesianEdge.h">
      <Filter>Mesh\2D</Filter>
    </ClInclude>
    <ClInclude Include="src\Mesh\ReferenceTriangle.h">
      <Filter>Mesh</Filter>
    </ClInclude>
    <ClInclude Include="src\Utils\Dunavant\Dunavant.h">
      <Filter>Utils\Dunavant</Filter>
    </ClInclude>
    <ClInclude Include="src\Mesh\2D\Edge.h">
      <Filter>Mesh\2D</Filter>
    </ClInclude>
    <ClInclude Include="src\Mesh\GeometricShape.h">
      <Filter>Mesh</Filter>
    </ClInclude>
    <ClInclude Include="src\Mesh\GeometricShapeWithReferenceShape.h">
      <Filter>Mesh</Filter>
    </ClInclude>
    <ClInclude Include="src\Mesh\2D\TriangleShape.h">
      <Filter>Mesh\2D</Filter>
    </ClInclude>
    <ClInclude Include="src\Mesh\ReferenceShape.h">
      <Filter>Mesh</Filter>
    </ClInclude>
    <ClInclude Include="src\Mesh\2D\QuadrilateralMesh.h">
      <Filter>Mesh\2D</Filter>
    </ClInclude>
    <ClInclude Include="src\Mesh\2D\Quadrilateral.h">
      <Filter>Mesh\2D</Filter>
    </ClInclude>
    <ClInclude Include="src\Mesh\2D\QuadrilateralShape.h">
      <Filter>Mesh\2D</Filter>
    </ClInclude>
    <ClInclude Include="src\Mesh\GeometricShapeWithConstantJacobian.h">
      <Filter>Mesh</Filter>
    </ClInclude>
    <ClInclude Include="src\Mesh\2D\PolygonalShape.h">
      <Filter>Mesh\2D</Filter>
    </ClInclude>
    <ClInclude Include="src\Mesh\2D\Polygon.h">
      <Filter>Mesh\2D</Filter>
    </ClInclude>
    <ClInclude Include="src\Mesh\2D\QuadrilateralAsPolygonalMesh.h">
      <Filter>Mesh\2D</Filter>
    </ClInclude>
    <ClInclude Include="src\Utils\Geometry.h">
      <Filter>Utils</Filter>
    </ClInclude>
    <ClInclude Include="src\Mesh\PolyhedralMesh.h">
      <Filter>Mesh</Filter>
    </ClInclude>
    <ClInclude Include="src\Mesh\2D\GMSHTriangularMesh.h">
      <Filter>Mesh\2D</Filter>
    </ClInclude>
    <ClInclude Include="src\Mesh\GMSHMesh.h">
      <Filter>Mesh</Filter>
    </ClInclude>
    <ClInclude Include="src\Mesh\2D\GMSHCartesianMesh.h">
      <Filter>Mesh\2D</Filter>
    </ClInclude>
    <ClInclude Include="src\Mesh\2D\GMSHUnstructuredTriangularMesh.h">
      <Filter>Mesh\2D</Filter>
    </ClInclude>
  </ItemGroup>
  <ItemGroup>
    <Filter Include="Utils">
      <UniqueIdentifier>{7079c5d2-4dd6-49f7-a274-83d20735817f}</UniqueIdentifier>
    </Filter>
    <Filter Include="Mesh">
      <UniqueIdentifier>{089b5862-0021-4e98-a5ab-bd18df16a8d9}</UniqueIdentifier>
    </Filter>
    <Filter Include="FunctionalBasis">
      <UniqueIdentifier>{6da564fc-5853-4076-bdfa-41507d49f132}</UniqueIdentifier>
    </Filter>
    <Filter Include="DG">
      <UniqueIdentifier>{7cd70dab-3d97-4983-bc8d-6c981af51b1d}</UniqueIdentifier>
    </Filter>
    <Filter Include="HHO">
      <UniqueIdentifier>{5baa2ae8-8ff4-4937-bd5a-17cf25a395a1}</UniqueIdentifier>
    </Filter>
    <Filter Include="Solver">
      <UniqueIdentifier>{8e3314b3-0755-4923-b019-a6fc48fdcffd}</UniqueIdentifier>
    </Filter>
    <Filter Include="Mesh\1D">
      <UniqueIdentifier>{c0ff87ea-0e06-4982-ab2d-557707270d25}</UniqueIdentifier>
    </Filter>
    <Filter Include="Mesh\2D">
      <UniqueIdentifier>{3918712d-145e-4ded-97d0-fe4c46b54614}</UniqueIdentifier>
    </Filter>
    <Filter Include="Mesh\3D">
      <UniqueIdentifier>{300cd2ef-6bb5-4fc7-88f5-e9bd50d91391}</UniqueIdentifier>
    </Filter>
    <Filter Include="Problem">
      <UniqueIdentifier>{3544142f-e11c-4d90-972d-2935e996d616}</UniqueIdentifier>
    </Filter>
    <Filter Include="Utils\Dunavant">
      <UniqueIdentifier>{9e267a7d-8baa-4693-8915-0a99d9065f34}</UniqueIdentifier>
    </Filter>
  </ItemGroup>
  <ItemGroup>
    <Text Include="CMakeLists.txt" />
    <Text Include="README.txt" />
  </ItemGroup>
</Project>