<?xml version="1.0" encoding="utf-8"?>
<Project ToolsVersion="4.0" xmlns="http://schemas.microsoft.com/developer/msbuild/2003">
  <ItemGroup>
    <ClCompile Include="src/main.cpp" />
    <ClCompile Include="src\Utils\Dunavant\triangle_dunavant_rule.cpp">
      <Filter>Utils\Dunavant</Filter>
    </ClCompile>
    <ClCompile Include="src\Utils\Keast\tetrahedron_keast_rule.cpp">
      <Filter>Utils\Keast</Filter>
    </ClCompile>
  </ItemGroup>
  <ItemGroup>
    <ClInclude Include="src/FunctionalBasis/BasisFunction.h">
      <Filter>FunctionalBasis</Filter>
    </ClInclude>
    <ClInclude Include="src/FunctionalBasis/BasisFunctionFactory.h">
      <Filter>FunctionalBasis</Filter>
    </ClInclude>
    <ClInclude Include="src/FunctionalBasis/Bernstein1D.h">
      <Filter>FunctionalBasis</Filter>
    </ClInclude>
    <ClInclude Include="src/FunctionalBasis/Bernstein2D.h">
      <Filter>FunctionalBasis</Filter>
    </ClInclude>
    <ClInclude Include="src/FunctionalBasis/Bernstein3D.h">
      <Filter>FunctionalBasis</Filter>
    </ClInclude>
    <ClInclude Include="src/Mesh/Element.h">
      <Filter>Mesh</Filter>
    </ClInclude>
    <ClInclude Include="src/Mesh/Face.h">
      <Filter>Mesh</Filter>
    </ClInclude>
    <ClInclude Include="src/FunctionalBasis/FunctionalBasis.h">
      <Filter>FunctionalBasis</Filter>
    </ClInclude>
    <ClInclude Include="src/Utils/GaussLegendre.h">
      <Filter>Utils</Filter>
    </ClInclude>
    <ClInclude Include="src/FunctionalBasis/Legendre1D.h">
      <Filter>FunctionalBasis</Filter>
    </ClInclude>
    <ClInclude Include="src/FunctionalBasis/Monomial1D.h">
      <Filter>FunctionalBasis</Filter>
    </ClInclude>
    <ClInclude Include="src/Utils/NonZeroCoefficients.h">
      <Filter>Utils</Filter>
    </ClInclude>
    <ClInclude Include="src/FunctionalBasis/TensorPolynomial.h">
      <Filter>FunctionalBasis</Filter>
    </ClInclude>
    <ClInclude Include="src/Utils/Utils.h">
      <Filter>Utils</Filter>
    </ClInclude>
    <ClInclude Include="src\Mesh\Mesh.h">
      <Filter>Mesh</Filter>
    </ClInclude>
    <ClInclude Include="src\Utils\Action.h">
      <Filter>Utils</Filter>
    </ClInclude>
    <ClInclude Include="src\FunctionalBasis\Hemker1D.h">
      <Filter>FunctionalBasis</Filter>
    </ClInclude>
    <ClInclude Include="src\Mesh\CartesianElement.h">
      <Filter>Mesh</Filter>
    </ClInclude>
    <ClInclude Include="src\Utils\ParallelLoop.h">
      <Filter>Utils</Filter>
    </ClInclude>
    <ClInclude Include="src\Solver\Multigrid.h">
      <Filter>Solver</Filter>
    </ClInclude>
    <ClInclude Include="src\Solver\Level.h">
      <Filter>Solver</Filter>
    </ClInclude>
    <ClInclude Include="src\Solver\Smoother.h">
      <Filter>Solver</Filter>
    </ClInclude>
    <ClInclude Include="src\Solver\IterativeSolver.h">
      <Filter>Solver</Filter>
    </ClInclude>
    <ClInclude Include="src\Solver\BlockSOR.h">
      <Filter>Solver</Filter>
    </ClInclude>
    <ClInclude Include="src\Solver\MultigridForHHO.h">
      <Filter>Solver</Filter>
    </ClInclude>
    <ClInclude Include="src\Solver\IterationResult.h">
      <Filter>Solver</Filter>
    </ClInclude>
    <ClInclude Include="src\Mesh\CartesianFace.h">
      <Filter>Mesh</Filter>
    </ClInclude>
    <ClInclude Include="src\Utils\ElementParallelLoop.h">
      <Filter>Utils</Filter>
    </ClInclude>
    <ClInclude Include="src/Mesh/1D/Interval.h">
      <Filter>Mesh\1D</Filter>
    </ClInclude>
    <ClInclude Include="src/Mesh/3D/RectangularFace.h">
      <Filter>Mesh\3D</Filter>
    </ClInclude>
    <ClInclude Include="src\Mesh\1D\InterfacePoint.h">
      <Filter>Mesh\1D</Filter>
    </ClInclude>
    <ClInclude Include="src\Solver\Solver.h">
      <Filter>Solver</Filter>
    </ClInclude>
    <ClInclude Include="src\Solver\EigenSparseLU.h">
      <Filter>Solver</Filter>
    </ClInclude>
    <ClInclude Include="src\Solver\EigenCG.h">
      <Filter>Solver</Filter>
    </ClInclude>
    <ClInclude Include="src\Solver\AGMG.h">
      <Filter>Solver</Filter>
    </ClInclude>
    <ClInclude Include="src\Program.h" />
    <ClInclude Include="src\Solver\BlockJacobi.h">
      <Filter>Solver</Filter>
    </ClInclude>
    <ClInclude Include="src\Solver\SmootherFactory.h">
      <Filter>Solver</Filter>
    </ClInclude>
    <ClInclude Include="src\Utils\Types.h">
      <Filter>Utils</Filter>
    </ClInclude>
    <ClInclude Include="src\Utils\Timer.h">
      <Filter>Utils</Filter>
    </ClInclude>
    <ClInclude Include="src\Solver\ConjugateGradient.h">
      <Filter>Solver</Filter>
    </ClInclude>
    <ClInclude Include="src\Solver\Preconditioner.h">
      <Filter>Solver</Filter>
    </ClInclude>
    <ClInclude Include="src\HHO\HHOParameters.h">
      <Filter>HHO</Filter>
    </ClInclude>
    <ClInclude Include="src\Mesh\Vertex.h">
      <Filter>Mesh</Filter>
    </ClInclude>
    <ClInclude Include="src\Problem\Tensor.h">
      <Filter>Problem</Filter>
    </ClInclude>
    <ClInclude Include="src/Problem/DiffusionPartition.h">
      <Filter>Problem</Filter>
    </ClInclude>
    <ClInclude Include="src/Problem/Problem.h">
      <Filter>Problem</Filter>
    </ClInclude>
    <ClInclude Include="src/Problem/SourceFunction.h">
      <Filter>Problem</Filter>
    </ClInclude>
    <ClInclude Include="src\Problem\BoundaryConditions.h">
      <Filter>Problem</Filter>
    </ClInclude>
    <ClInclude Include="src\Utils\Dunavant\triangle_dunavant_rule.hpp">
      <Filter>Utils\Dunavant</Filter>
    </ClInclude>
    <ClInclude Include="src\Mesh\2D\CartesianEdge.h">
      <Filter>Mesh\2D</Filter>
    </ClInclude>
    <ClInclude Include="src\Utils\Dunavant\Dunavant.h">
      <Filter>Utils\Dunavant</Filter>
    </ClInclude>
    <ClInclude Include="src\Mesh\2D\Edge.h">
      <Filter>Mesh\2D</Filter>
    </ClInclude>
    <ClInclude Include="src\Utils\Geometry.h">
      <Filter>Utils</Filter>
    </ClInclude>
    <ClInclude Include="src\Mesh\PolyhedralMesh.h">
      <Filter>Mesh</Filter>
    </ClInclude>
    <ClInclude Include="src\Mesh\GMSHMesh.h">
      <Filter>Mesh</Filter>
    </ClInclude>
    <ClInclude Include="src\Mesh\3D\TriangularFace.h">
      <Filter>Mesh\3D</Filter>
    </ClInclude>
    <ClInclude Include="src\Utils\Keast\Keast.h">
      <Filter>Utils\Keast</Filter>
    </ClInclude>
    <ClInclude Include="src\Utils\Keast\tetrahedron_keast_rule.hpp">
      <Filter>Utils\Keast</Filter>
    </ClInclude>
    <ClInclude Include="src\ProgramArguments.h" />
    <ClInclude Include="src\Mesh\3D\TetrahedralMesh.h">
      <Filter>Mesh\3D</Filter>
    </ClInclude>
    <ClInclude Include="src\Mesh\1D\UniformMesh1D.h">
      <Filter>Mesh\1D</Filter>
    </ClInclude>
    <ClInclude Include="src\Mesh\2D\Square_GMSHQuadrilateralMesh.h">
      <Filter>Mesh\2D</Filter>
    </ClInclude>
    <ClInclude Include="src\Mesh\2D\Square_GMSHTriangularMesh.h">
      <Filter>Mesh\2D</Filter>
    </ClInclude>
    <ClInclude Include="src\Mesh\2D\Square_QuadrilateralAsPolygonalMesh.h">
      <Filter>Mesh\2D</Filter>
    </ClInclude>
    <ClInclude Include="src\Mesh\2D\Square_QuadrilateralMesh.h">
      <Filter>Mesh\2D</Filter>
    </ClInclude>
    <ClInclude Include="src\Mesh\2D\Square_TriangularMesh.h">
      <Filter>Mesh\2D</Filter>
    </ClInclude>
    <ClInclude Include="src\Mesh\3D\Cube_CartesianTetrahedralMesh.h">
      <Filter>Mesh\3D</Filter>
    </ClInclude>
    <ClInclude Include="src\Mesh\3D\Cube_GMSHTetrahedralMesh.h">
      <Filter>Mesh\3D</Filter>
    </ClInclude>
    <ClInclude Include="src\Mesh\2D\Square_CartesianMesh.h">
      <Filter>Mesh\2D</Filter>
    </ClInclude>
    <ClInclude Include="src\Mesh\2D\Square_CartesianPolygonalMesh.h">
      <Filter>Mesh\2D</Filter>
    </ClInclude>
    <ClInclude Include="src\Mesh\2D\Square_GMSHCartesianMesh.h">
      <Filter>Mesh\2D</Filter>
    </ClInclude>
    <ClInclude Include="src\Mesh\3D\Cube_CartesianMesh.h">
      <Filter>Mesh\3D</Filter>
    </ClInclude>
    <ClInclude Include="src\Mesh\3D\Cube_GMSHCartesianMesh.h">
      <Filter>Mesh\3D</Filter>
    </ClInclude>
    <ClInclude Include="src\Mesh\3D\GMSHTetrahedralMesh.h">
      <Filter>Mesh\3D</Filter>
    </ClInclude>
    <ClInclude Include="src\Solver\FlexibleConjugateGradient.h">
      <Filter>Solver</Filter>
    </ClInclude>
    <ClInclude Include="src\Problem\DiffusionProblem.h">
      <Filter>Problem</Filter>
    </ClInclude>
    <ClInclude Include="src\DG\Diffusion_DG.h">
      <Filter>DG</Filter>
    </ClInclude>
    <ClInclude Include="src\HHO\Diffusion_HHO.h">
      <Filter>HHO</Filter>
    </ClInclude>
    <ClInclude Include="src\HHO\Diff_HHOElement.h">
      <Filter>HHO</Filter>
    </ClInclude>
    <ClInclude Include="src\HHO\Diff_HHOFace.h">
      <Filter>HHO</Filter>
    </ClInclude>
    <ClInclude Include="src\DG\Diff_DGElement.h">
      <Filter>DG</Filter>
    </ClInclude>
    <ClInclude Include="src\DG\Diff_DGFace.h">
      <Filter>DG</Filter>
    </ClInclude>
    <ClInclude Include="src\Mesh\AgglomerateElement.h">
      <Filter>Mesh</Filter>
    </ClInclude>
    <ClInclude Include="src\Utils\RotatingList.h">
      <Filter>Utils</Filter>
    </ClInclude>
    <ClInclude Include="src\Utils\MatlabScript.h">
      <Filter>Utils</Filter>
    </ClInclude>
    <ClInclude Include="src\Mesh\2D\Square4quadrants_GMSHUnstructTriangularMesh.h">
      <Filter>Mesh\2D</Filter>
    </ClInclude>
    <ClInclude Include="src\Mesh\2D\Square_GMSHUnstructTriangularMesh.h">
      <Filter>Mesh\2D</Filter>
    </ClInclude>
    <ClInclude Include="src\Mesh\Interface.h">
      <Filter>Mesh</Filter>
    </ClInclude>
    <ClInclude Include="src\Mesh\Agglo.h">
      <Filter>Mesh</Filter>
    </ClInclude>
    <ClInclude Include="src\Geometry\GeometricShape.h">
      <Filter>Geometry</Filter>
    </ClInclude>
    <ClInclude Include="src\Geometry\PhysicalShape.h">
      <Filter>Geometry</Filter>
    </ClInclude>
    <ClInclude Include="src\Geometry\AgglomerateShape.h">
      <Filter>Geometry</Filter>
    </ClInclude>
    <ClInclude Include="src\Geometry\CartesianShape.h">
      <Filter>Geometry</Filter>
    </ClInclude>
    <ClInclude Include="src\Geometry\PhysicalShapeWithConstantJacobian.h">
      <Filter>Geometry</Filter>
    </ClInclude>
    <ClInclude Include="src\Geometry\Point.h">
      <Filter>Geometry</Filter>
    </ClInclude>
    <ClInclude Include="src\Geometry\ReferenceCartesianShape.h">
      <Filter>Geometry</Filter>
    </ClInclude>
    <ClInclude Include="src\Geometry\ReferenceShape.h">
      <Filter>Geometry</Filter>
    </ClInclude>
    <ClInclude Include="src\Geometry\3D\ReferenceTetrahedron.h">
      <Filter>Geometry\3D</Filter>
    </ClInclude>
    <ClInclude Include="src\Mesh\2D\PolygonalElement.h">
      <Filter>Mesh\2D</Filter>
    </ClInclude>
    <ClInclude Include="src\Mesh\2D\QuadrilateralElement.h">
      <Filter>Mesh\2D</Filter>
    </ClInclude>
    <ClInclude Include="src\Mesh\2D\RectangularElement.h">
      <Filter>Mesh\2D</Filter>
    </ClInclude>
    <ClInclude Include="src\Mesh\2D\RectangularPolygonalElement.h">
      <Filter>Mesh\2D</Filter>
    </ClInclude>
    <ClInclude Include="src\Mesh\2D\TriangularElement.h">
      <Filter>Mesh\2D</Filter>
    </ClInclude>
    <ClInclude Include="src\Mesh\3D\ParallelepipedElement.h">
      <Filter>Mesh\3D</Filter>
    </ClInclude>
    <ClInclude Include="src\Mesh\3D\TetrahedralElement.h">
      <Filter>Mesh\3D</Filter>
    </ClInclude>
    <ClInclude Include="src\Geometry\2D\Segment.h">
      <Filter>Geometry\2D</Filter>
    </ClInclude>
    <ClInclude Include="src\Geometry\3D\Tetrahedron.h">
      <Filter>Geometry\3D</Filter>
    </ClInclude>
    <ClInclude Include="src\Geometry\3D\TriangleIn3D.h">
      <Filter>Geometry\3D</Filter>
    </ClInclude>
    <ClInclude Include="src\Geometry\2D\Triangle.h">
      <Filter>Geometry\2D</Filter>
    </ClInclude>
    <ClInclude Include="src\Geometry\2D\Polygon.h">
      <Filter>Geometry\2D</Filter>
    </ClInclude>
    <ClInclude Include="src\Geometry\2D\Quadrilateral.h">
      <Filter>Geometry\2D</Filter>
    </ClInclude>
    <ClInclude Include="src\Geometry\2D\ReferenceTriangle.h">
      <Filter>Geometry\2D</Filter>
    </ClInclude>
  </ItemGroup>
  <ItemGroup>
    <Filter Include="Utils">
      <UniqueIdentifier>{7079c5d2-4dd6-49f7-a274-83d20735817f}</UniqueIdentifier>
    </Filter>
    <Filter Include="Mesh">
      <UniqueIdentifier>{089b5862-0021-4e98-a5ab-bd18df16a8d9}</UniqueIdentifier>
    </Filter>
    <Filter Include="DG">
      <UniqueIdentifier>{7cd70dab-3d97-4983-bc8d-6c981af51b1d}</UniqueIdentifier>
    </Filter>
    <Filter Include="HHO">
      <UniqueIdentifier>{5baa2ae8-8ff4-4937-bd5a-17cf25a395a1}</UniqueIdentifier>
    </Filter>
    <Filter Include="Solver">
      <UniqueIdentifier>{8e3314b3-0755-4923-b019-a6fc48fdcffd}</UniqueIdentifier>
    </Filter>
    <Filter Include="Mesh\1D">
      <UniqueIdentifier>{c0ff87ea-0e06-4982-ab2d-557707270d25}</UniqueIdentifier>
    </Filter>
    <Filter Include="Mesh\2D">
      <UniqueIdentifier>{3918712d-145e-4ded-97d0-fe4c46b54614}</UniqueIdentifier>
    </Filter>
    <Filter Include="Mesh\3D">
      <UniqueIdentifier>{300cd2ef-6bb5-4fc7-88f5-e9bd50d91391}</UniqueIdentifier>
    </Filter>
    <Filter Include="Problem">
      <UniqueIdentifier>{3544142f-e11c-4d90-972d-2935e996d616}</UniqueIdentifier>
    </Filter>
    <Filter Include="Utils\Dunavant">
      <UniqueIdentifier>{9e267a7d-8baa-4693-8915-0a99d9065f34}</UniqueIdentifier>
    </Filter>
    <Filter Include="Utils\Keast">
      <UniqueIdentifier>{ac5f4816-0e50-4bd5-afed-8f2aa7aa9f59}</UniqueIdentifier>
    </Filter>
    <Filter Include="Geometry">
      <UniqueIdentifier>{ca3f71f6-ee5e-4863-8c02-a856f6b59c0f}</UniqueIdentifier>
    </Filter>
    <Filter Include="FunctionalBasis">
      <UniqueIdentifier>{6da564fc-5853-4076-bdfa-41507d49f132}</UniqueIdentifier>
    </Filter>
    <Filter Include="Geometry\2D">
      <UniqueIdentifier>{5f4d4409-6185-48be-9072-29fb9cd5013c}</UniqueIdentifier>
    </Filter>
    <Filter Include="Geometry\3D">
      <UniqueIdentifier>{75729409-1dee-45df-90f2-aff850dafef6}</UniqueIdentifier>
    </Filter>
  </ItemGroup>
  <ItemGroup>
    <Text Include="README.txt" />
    <Text Include="CMakeLists.txt" />
  </ItemGroup>
</Project>