<?xml version="1.0" encoding="utf-8"?>
<Project ToolsVersion="4.0" xmlns="http://schemas.microsoft.com/developer/msbuild/2003">
  <ItemGroup>
    <ClCompile Include="src/main.cpp" />
    <ClCompile Include="src\QuadratureRules\Keast\tetrahedron_keast_rule.cpp">
      <Filter>QuadratureRules\Keast</Filter>
    </ClCompile>
    <ClCompile Include="src\QuadratureRules\Dunavant\triangle_dunavant_rule.cpp">
      <Filter>QuadratureRules\Dunavant</Filter>
    </ClCompile>
  </ItemGroup>
  <ItemGroup>
    <ClInclude Include="src/FunctionalBasis/BasisFunction.h">
      <Filter>FunctionalBasis</Filter>
    </ClInclude>
    <ClInclude Include="src/FunctionalBasis/BasisFunctionFactory.h">
      <Filter>FunctionalBasis</Filter>
    </ClInclude>
    <ClInclude Include="src/FunctionalBasis/Bernstein1D.h">
      <Filter>FunctionalBasis</Filter>
    </ClInclude>
    <ClInclude Include="src/FunctionalBasis/Bernstein2D.h">
      <Filter>FunctionalBasis</Filter>
    </ClInclude>
    <ClInclude Include="src/FunctionalBasis/Bernstein3D.h">
      <Filter>FunctionalBasis</Filter>
    </ClInclude>
    <ClInclude Include="src/Mesh/Element.h">
      <Filter>Mesh</Filter>
    </ClInclude>
    <ClInclude Include="src/Mesh/Face.h">
      <Filter>Mesh</Filter>
    </ClInclude>
    <ClInclude Include="src/FunctionalBasis/FunctionalBasis.h">
      <Filter>FunctionalBasis</Filter>
    </ClInclude>
    <ClInclude Include="src/FunctionalBasis/Legendre1D.h">
      <Filter>FunctionalBasis</Filter>
    </ClInclude>
    <ClInclude Include="src/FunctionalBasis/Monomial1D.h">
      <Filter>FunctionalBasis</Filter>
    </ClInclude>
    <ClInclude Include="src/Utils/NonZeroCoefficients.h">
      <Filter>Utils</Filter>
    </ClInclude>
    <ClInclude Include="src/FunctionalBasis/TensorPolynomial.h">
      <Filter>FunctionalBasis</Filter>
    </ClInclude>
    <ClInclude Include="src/Utils/Utils.h">
      <Filter>Utils</Filter>
    </ClInclude>
    <ClInclude Include="src\Mesh\Mesh.h">
      <Filter>Mesh</Filter>
    </ClInclude>
    <ClInclude Include="src\FunctionalBasis\Hemker1D.h">
      <Filter>FunctionalBasis</Filter>
    </ClInclude>
    <ClInclude Include="src\Mesh\CartesianElement.h">
      <Filter>Mesh</Filter>
    </ClInclude>
    <ClInclude Include="src\Utils\ParallelLoop.h">
      <Filter>Utils</Filter>
    </ClInclude>
    <ClInclude Include="src\Solver\IterativeSolver.h">
      <Filter>Solver</Filter>
    </ClInclude>
    <ClInclude Include="src\Solver\IterationResult.h">
      <Filter>Solver</Filter>
    </ClInclude>
    <ClInclude Include="src\Mesh\CartesianFace.h">
      <Filter>Mesh</Filter>
    </ClInclude>
    <ClInclude Include="src\Utils\ElementParallelLoop.h">
      <Filter>Utils</Filter>
    </ClInclude>
    <ClInclude Include="src/Mesh/1D/Interval.h">
      <Filter>Mesh\1D</Filter>
    </ClInclude>
    <ClInclude Include="src/Mesh/3D/RectangularFace.h">
      <Filter>Mesh\3D</Filter>
    </ClInclude>
    <ClInclude Include="src\Mesh\1D\InterfacePoint.h">
      <Filter>Mesh\1D</Filter>
    </ClInclude>
    <ClInclude Include="src\Solver\Solver.h">
      <Filter>Solver</Filter>
    </ClInclude>
    <ClInclude Include="src\Program.h" />
    <ClInclude Include="src\Utils\Types.h">
      <Filter>Utils</Filter>
    </ClInclude>
    <ClInclude Include="src\Utils\Timer.h">
      <Filter>Utils</Filter>
    </ClInclude>
    <ClInclude Include="src\Solver\Preconditioner.h">
      <Filter>Solver</Filter>
    </ClInclude>
    <ClInclude Include="src\HHO\HHOParameters.h">
      <Filter>HHO</Filter>
    </ClInclude>
    <ClInclude Include="src\Mesh\Vertex.h">
      <Filter>Mesh</Filter>
    </ClInclude>
    <ClInclude Include="src\Mesh\2D\CartesianEdge.h">
      <Filter>Mesh\2D</Filter>
    </ClInclude>
    <ClInclude Include="src\Mesh\2D\Edge.h">
      <Filter>Mesh\2D</Filter>
    </ClInclude>
    <ClInclude Include="src\Mesh\PolyhedralMesh.h">
      <Filter>Mesh</Filter>
    </ClInclude>
    <ClInclude Include="src\Mesh\3D\TriangularFace.h">
      <Filter>Mesh\3D</Filter>
    </ClInclude>
    <ClInclude Include="src\ProgramArguments.h" />
    <ClInclude Include="src\Mesh\3D\TetrahedralMesh.h">
      <Filter>Mesh\3D</Filter>
    </ClInclude>
    <ClInclude Include="src\DG\Diffusion_DG.h">
      <Filter>DG</Filter>
    </ClInclude>
    <ClInclude Include="src\HHO\Diffusion_HHO.h">
      <Filter>HHO</Filter>
    </ClInclude>
    <ClInclude Include="src\HHO\Diff_HHOElement.h">
      <Filter>HHO</Filter>
    </ClInclude>
    <ClInclude Include="src\HHO\Diff_HHOFace.h">
      <Filter>HHO</Filter>
    </ClInclude>
    <ClInclude Include="src\DG\Diff_DGElement.h">
      <Filter>DG</Filter>
    </ClInclude>
    <ClInclude Include="src\DG\Diff_DGFace.h">
      <Filter>DG</Filter>
    </ClInclude>
    <ClInclude Include="src\Utils\RotatingList.h">
      <Filter>Utils</Filter>
    </ClInclude>
    <ClInclude Include="src\Utils\MatlabScript.h">
      <Filter>Utils</Filter>
    </ClInclude>
    <ClInclude Include="src\Mesh\Interface.h">
      <Filter>Mesh</Filter>
    </ClInclude>
    <ClInclude Include="src\Mesh\Agglo.h">
      <Filter>Mesh</Filter>
    </ClInclude>
    <ClInclude Include="src\Geometry\GeometricShape.h">
      <Filter>Geometry</Filter>
    </ClInclude>
    <ClInclude Include="src\Geometry\PhysicalShape.h">
      <Filter>Geometry</Filter>
    </ClInclude>
    <ClInclude Include="src\Geometry\CartesianShape.h">
      <Filter>Geometry</Filter>
    </ClInclude>
    <ClInclude Include="src\Geometry\PhysicalShapeWithConstantJacobian.h">
      <Filter>Geometry</Filter>
    </ClInclude>
    <ClInclude Include="src\Geometry\Point.h">
      <Filter>Geometry</Filter>
    </ClInclude>
    <ClInclude Include="src\Geometry\ReferenceCartesianShape.h">
      <Filter>Geometry</Filter>
    </ClInclude>
    <ClInclude Include="src\Geometry\ReferenceShape.h">
      <Filter>Geometry</Filter>
    </ClInclude>
    <ClInclude Include="src\Geometry\3D\ReferenceTetrahedron.h">
      <Filter>Geometry\3D</Filter>
    </ClInclude>
    <ClInclude Include="src\Mesh\2D\PolygonalElement.h">
      <Filter>Mesh\2D</Filter>
    </ClInclude>
    <ClInclude Include="src\Mesh\2D\QuadrilateralElement.h">
      <Filter>Mesh\2D</Filter>
    </ClInclude>
    <ClInclude Include="src\Mesh\2D\RectangularElement.h">
      <Filter>Mesh\2D</Filter>
    </ClInclude>
    <ClInclude Include="src\Mesh\2D\RectangularPolygonalElement.h">
      <Filter>Mesh\2D</Filter>
    </ClInclude>
    <ClInclude Include="src\Mesh\2D\TriangularElement.h">
      <Filter>Mesh\2D</Filter>
    </ClInclude>
    <ClInclude Include="src\Mesh\3D\ParallelepipedElement.h">
      <Filter>Mesh\3D</Filter>
    </ClInclude>
    <ClInclude Include="src\Mesh\3D\TetrahedralElement.h">
      <Filter>Mesh\3D</Filter>
    </ClInclude>
    <ClInclude Include="src\Geometry\2D\Segment.h">
      <Filter>Geometry\2D</Filter>
    </ClInclude>
    <ClInclude Include="src\Geometry\3D\Tetrahedron.h">
      <Filter>Geometry\3D</Filter>
    </ClInclude>
    <ClInclude Include="src\Geometry\3D\TriangleIn3D.h">
      <Filter>Geometry\3D</Filter>
    </ClInclude>
    <ClInclude Include="src\Geometry\2D\Triangle.h">
      <Filter>Geometry\2D</Filter>
    </ClInclude>
    <ClInclude Include="src\Geometry\2D\Polygon.h">
      <Filter>Geometry\2D</Filter>
    </ClInclude>
    <ClInclude Include="src\Geometry\2D\Quadrilateral.h">
      <Filter>Geometry\2D</Filter>
    </ClInclude>
    <ClInclude Include="src\Geometry\2D\ReferenceTriangle.h">
      <Filter>Geometry\2D</Filter>
    </ClInclude>
    <ClInclude Include="src\QuadratureRules\Dunavant\Dunavant.h">
      <Filter>QuadratureRules\Dunavant</Filter>
    </ClInclude>
    <ClInclude Include="src\QuadratureRules\Dunavant\triangle_dunavant_rule.hpp">
      <Filter>QuadratureRules\Dunavant</Filter>
    </ClInclude>
    <ClInclude Include="src\QuadratureRules\Keast\Keast.h">
      <Filter>QuadratureRules\Keast</Filter>
    </ClInclude>
    <ClInclude Include="src\QuadratureRules\Keast\tetrahedron_keast_rule.hpp">
      <Filter>QuadratureRules\Keast</Filter>
    </ClInclude>
    <ClInclude Include="src\QuadratureRules\GaussLegendre\GaussLegendre.h">
      <Filter>QuadratureRules\GaussLegendre</Filter>
    </ClInclude>
    <ClInclude Include="src\Solver\SolverFactory.h">
      <Filter>Solver</Filter>
    </ClInclude>
    <ClInclude Include="src\Mesh\PhysicalGroup.h">
      <Filter>Mesh</Filter>
    </ClInclude>
    <ClInclude Include="src\TestCases\TestCase.h">
      <Filter>TestCases</Filter>
    </ClInclude>
    <ClInclude Include="src\Geometry\CGALWrapper.h">
      <Filter>Geometry</Filter>
    </ClInclude>
    <ClInclude Include="src\Utils\FileSystem.h">
      <Filter>Utils</Filter>
    </ClInclude>
    <ClInclude Include="src\Mesher\MeshFactory.h">
      <Filter>Mesher</Filter>
    </ClInclude>
    <ClInclude Include="src\Mesher\CubeGeometry.h">
      <Filter>Mesher</Filter>
    </ClInclude>
    <ClInclude Include="src\Mesher\SegmentGeometry.h">
      <Filter>Mesher</Filter>
    </ClInclude>
    <ClInclude Include="src\Mesher\Square4quadrantsGeometry.h">
      <Filter>Mesher</Filter>
    </ClInclude>
    <ClInclude Include="src\Mesher\SquareGeometry.h">
      <Filter>Mesher</Filter>
    </ClInclude>
    <ClInclude Include="src\Mesher\GMSH\Square_GMSHCartesianMesh.h">
      <Filter>Mesher\GMSH</Filter>
    </ClInclude>
    <ClInclude Include="src\Mesher\GMSH\Square_GMSHQuadrilateralMesh.h">
      <Filter>Mesher\GMSH</Filter>
    </ClInclude>
    <ClInclude Include="src\Mesher\GMSH\Square_GMSHTriangularMesh.h">
      <Filter>Mesher\GMSH</Filter>
    </ClInclude>
    <ClInclude Include="src\Mesher\GMSH\Square_GMSHUnstructTriangularMesh.h">
      <Filter>Mesher\GMSH</Filter>
    </ClInclude>
    <ClInclude Include="src\Mesher\GMSH\Square4quadrants_GMSHCartesianMesh.h">
      <Filter>Mesher\GMSH</Filter>
    </ClInclude>
    <ClInclude Include="src\Mesher\GMSH\Square4quadrants_GMSHQuadrilateralMesh.h">
      <Filter>Mesher\GMSH</Filter>
    </ClInclude>
    <ClInclude Include="src\Mesher\GMSH\Square4quadrants_GMSHTriangularMesh.h">
      <Filter>Mesher\GMSH</Filter>
    </ClInclude>
    <ClInclude Include="src\Mesher\GMSH\Square4quadrants_GMSHUnstructTriangularMesh.h">
      <Filter>Mesher\GMSH</Filter>
    </ClInclude>
    <ClInclude Include="src\Mesher\GMSH\GMSHTetrahedralMesh.h">
      <Filter>Mesher\GMSH</Filter>
    </ClInclude>
    <ClInclude Include="src\Mesher\GMSH\Cube_GMSHTetrahedralMesh.h">
      <Filter>Mesher\GMSH</Filter>
    </ClInclude>
    <ClInclude Include="src\Mesher\GMSH\Cube_GMSHCartesianMesh.h">
      <Filter>Mesher\GMSH</Filter>
    </ClInclude>
    <ClInclude Include="src\Mesher\InHouse\Square_CartesianMesh.h">
      <Filter>Mesher\InHouse</Filter>
    </ClInclude>
    <ClInclude Include="src\Mesher\InHouse\Square_CartesianPolygonalMesh.h">
      <Filter>Mesher\InHouse</Filter>
    </ClInclude>
    <ClInclude Include="src\Mesher\InHouse\Square_QuadrilateralAsPolygonalMesh.h">
      <Filter>Mesher\InHouse</Filter>
    </ClInclude>
    <ClInclude Include="src\Mesher\InHouse\Square_QuadrilateralMesh.h">
      <Filter>Mesher\InHouse</Filter>
    </ClInclude>
    <ClInclude Include="src\Mesher\InHouse\Square_TriangularMesh.h">
      <Filter>Mesher\InHouse</Filter>
    </ClInclude>
    <ClInclude Include="src\Mesher\InHouse\UniformMesh1D.h">
      <Filter>Mesher\InHouse</Filter>
    </ClInclude>
    <ClInclude Include="src\Mesher\InHouse\Cube_CartesianMesh.h">
      <Filter>Mesher\InHouse</Filter>
    </ClInclude>
    <ClInclude Include="src\Mesher\InHouse\Cube_CartesianTetrahedralMesh.h">
      <Filter>Mesher\InHouse</Filter>
    </ClInclude>
    <ClInclude Include="src\Mesher\GMSH\GMSHMesh.h">
      <Filter>Mesher\GMSH</Filter>
    </ClInclude>
    <ClInclude Include="src\HHO\Diffusion_HHOMatrix.h">
      <Filter>HHO</Filter>
    </ClInclude>
    <ClInclude Include="src\Mesh\AgglomerationException.h">
      <Filter>Mesh</Filter>
    </ClInclude>
    <ClInclude Include="src\Utils\Cost.h">
      <Filter>Utils</Filter>
    </ClInclude>
    <ClInclude Include="src\Solver\Direct\EigenSparseCholesky.h">
      <Filter>Solver\Direct</Filter>
    </ClInclude>
    <ClInclude Include="src\Solver\Direct\EigenSparseLU.h">
      <Filter>Solver\Direct</Filter>
    </ClInclude>
    <ClInclude Include="src\Solver\FixedPoint\BlockGaussSeidel.h">
      <Filter>Solver\FixedPoint</Filter>
    </ClInclude>
    <ClInclude Include="src\Solver\FixedPoint\BlockJacobi.h">
      <Filter>Solver\FixedPoint</Filter>
    </ClInclude>
    <ClInclude Include="src\Solver\FixedPoint\BlockSOR.h">
      <Filter>Solver\FixedPoint</Filter>
    </ClInclude>
    <ClInclude Include="src\Solver\FixedPoint\GaussSeidel.h">
      <Filter>Solver\FixedPoint</Filter>
    </ClInclude>
    <ClInclude Include="src\Solver\Krylov\ConjugateGradient.h">
      <Filter>Solver\Krylov</Filter>
    </ClInclude>
    <ClInclude Include="src\Solver\Krylov\EigenCG.h">
      <Filter>Solver\Krylov</Filter>
    </ClInclude>
    <ClInclude Include="src\Solver\Krylov\FlexibleConjugateGradient.h">
      <Filter>Solver\Krylov</Filter>
    </ClInclude>
    <ClInclude Include="src\Solver\Multigrid\AGMG.h">
      <Filter>Solver\Multigrid</Filter>
    </ClInclude>
    <ClInclude Include="src\Solver\Multigrid\Level.h">
      <Filter>Solver\Multigrid</Filter>
    </ClInclude>
    <ClInclude Include="src\Solver\Multigrid\Smoother.h">
      <Filter>Solver\Multigrid</Filter>
    </ClInclude>
    <ClInclude Include="src\Solver\Multigrid\SmootherFactory.h">
      <Filter>Solver\Multigrid</Filter>
    </ClInclude>
    <ClInclude Include="src\Solver\Multigrid\Multigrid.h">
      <Filter>Solver\Multigrid</Filter>
    </ClInclude>
    <ClInclude Include="src\Solver\Multigrid\AggregAMG\AggregAMG.h">
      <Filter>Solver\Multigrid\AggregAMG</Filter>
    </ClInclude>
    <ClInclude Include="src\Solver\Multigrid\AggregAMG\AlgebraicMesh.h">
      <Filter>Solver\Multigrid\AggregAMG</Filter>
    </ClInclude>
    <ClInclude Include="src\Solver\Multigrid\AggregAMG\AllNeighbourAggregation.h">
      <Filter>Solver\Multigrid\AggregAMG</Filter>
    </ClInclude>
    <ClInclude Include="src\Solver\Multigrid\AggregAMG\HighOrderAggregAMG.h">
      <Filter>Solver\Multigrid\AggregAMG</Filter>
    </ClInclude>
    <ClInclude Include="src\Solver\Multigrid\AggregAMG\PairwiseAggregation.h">
      <Filter>Solver\Multigrid\AggregAMG</Filter>
    </ClInclude>
    <ClInclude Include="src\Solver\Multigrid\MultigridForHHO\MultigridForHHO.h">
      <Filter>Solver\Multigrid\MultigridForHHO</Filter>
    </ClInclude>
    <ClInclude Include="src\Solver\Multigrid\MultigridForHHO\P_MultigridForHHO.h">
      <Filter>Solver\Multigrid\MultigridForHHO</Filter>
    </ClInclude>
    <ClInclude Include="src\Solver\Multigrid\UncondensedAMG\HybridAlgebraicMesh.h">
      <Filter>Solver\Multigrid\UncondensedAMG</Filter>
    </ClInclude>
    <ClInclude Include="src\Solver\Multigrid\UncondensedAMG\UncondensedLevel.h">
      <Filter>Solver\Multigrid\UncondensedAMG</Filter>
    </ClInclude>
    <ClInclude Include="src\Solver\Multigrid\UncondensedAMG\UncondensedAMG.h">
      <Filter>Solver\Multigrid\UncondensedAMG</Filter>
    </ClInclude>
    <ClInclude Include="src\Solver\Multigrid\MultigridForHHO\LevelForHHO.h">
      <Filter>Solver\Multigrid\MultigridForHHO</Filter>
    </ClInclude>
    <ClInclude Include="src\FunctionalBasis\OrthogonalBasis.h">
      <Filter>FunctionalBasis</Filter>
    </ClInclude>
    <ClInclude Include="src\version.h" />
    <ClInclude Include="src\HHO\BiHarmonicDDMixedForm_HHO.h">
      <Filter>HHO</Filter>
    </ClInclude>
    <ClInclude Include="src\Program\Program_Diffusion_DG.h">
      <Filter>Program</Filter>
    </ClInclude>
    <ClInclude Include="src\Program\Program_Diffusion_HHO.h">
      <Filter>Program</Filter>
    </ClInclude>
    <ClInclude Include="src\Program\Program_BiHarmonicDD_HHO.h">
      <Filter>Program</Filter>
    </ClInclude>
    <ClInclude Include="src\Utils\ExportModule.h">
      <Filter>Utils</Filter>
    </ClInclude>
    <ClInclude Include="src\TestCases\Diffusion\DefaultTestCase.h">
      <Filter>TestCases\Diffusion</Filter>
    </ClInclude>
    <ClInclude Include="src\TestCases\Diffusion\DiffTestCaseFactory.h">
      <Filter>TestCases\Diffusion</Filter>
    </ClInclude>
    <ClInclude Include="src\TestCases\Diffusion\DiffusionTestCase.h">
      <Filter>TestCases\Diffusion</Filter>
    </ClInclude>
    <ClInclude Include="src\TestCases\Diffusion\VirtualDiffusionTestCase.h">
      <Filter>TestCases\Diffusion</Filter>
    </ClInclude>
    <ClInclude Include="src\TestCases\Diffusion\1D\Heterogeneity1DTestCase.h">
      <Filter>TestCases\Diffusion\1D</Filter>
    </ClInclude>
    <ClInclude Include="src\TestCases\Diffusion\1D\SegmentTestCase.h">
      <Filter>TestCases\Diffusion\1D</Filter>
    </ClInclude>
    <ClInclude Include="src\TestCases\Diffusion\2D\BarWith4HolesTestCase.h">
      <Filter>TestCases\Diffusion\2D</Filter>
    </ClInclude>
    <ClInclude Include="src\TestCases\Diffusion\2D\EDFTestCase.h">
      <Filter>TestCases\Diffusion\2D</Filter>
    </ClInclude>
    <ClInclude Include="src\TestCases\Diffusion\2D\HybridMeshTestCase.h">
      <Filter>TestCases\Diffusion\2D</Filter>
    </ClInclude>
    <ClInclude Include="src\TestCases\Diffusion\2D\KelloggTestCase.h">
      <Filter>TestCases\Diffusion\2D</Filter>
    </ClInclude>
    <ClInclude Include="src\TestCases\Diffusion\2D\MagnetismTestCase.h">
      <Filter>TestCases\Diffusion\2D</Filter>
    </ClInclude>
    <ClInclude Include="src\TestCases\Diffusion\2D\RoomWithWallTestCase.h">
      <Filter>TestCases\Diffusion\2D</Filter>
    </ClInclude>
    <ClInclude Include="src\TestCases\Diffusion\2D\SquareCenterSquareTestCase.h">
      <Filter>TestCases\Diffusion\2D</Filter>
    </ClInclude>
    <ClInclude Include="src\TestCases\Diffusion\2D\SquareCircleTestCase.h">
      <Filter>TestCases\Diffusion\2D</Filter>
    </ClInclude>
    <ClInclude Include="src\TestCases\Diffusion\2D\SquareCornerSquareTestCase.h">
      <Filter>TestCases\Diffusion\2D</Filter>
    </ClInclude>
    <ClInclude Include="src\TestCases\Diffusion\2D\SquareHolesTestCase.h">
      <Filter>TestCases\Diffusion\2D</Filter>
    </ClInclude>
    <ClInclude Include="src\TestCases\Diffusion\2D\SquareTestCase.h">
      <Filter>TestCases\Diffusion\2D</Filter>
    </ClInclude>
    <ClInclude Include="src\TestCases\Diffusion\3D\CubeTestCase.h">
      <Filter>TestCases\Diffusion\3D</Filter>
    </ClInclude>
    <ClInclude Include="src\TestCases\Diffusion\3D\PlateWith4HolesTestCase.h">
      <Filter>TestCases\Diffusion\3D</Filter>
    </ClInclude>
    <ClInclude Include="src\TestCases\Diffusion\Tensor.h">
      <Filter>TestCases\Diffusion</Filter>
    </ClInclude>
    <ClInclude Include="src\TestCases\Diffusion\DiffusionField.h">
      <Filter>TestCases\Diffusion</Filter>
    </ClInclude>
    <ClInclude Include="src\TestCases\Diffusion\BoundaryConditions.h">
      <Filter>TestCases\Diffusion</Filter>
    </ClInclude>
    <ClInclude Include="src\TestCases\BiHarmonicDD\BiHarmonicDDTestCase.h">
      <Filter>TestCases\BiHarmonicDD</Filter>
    </ClInclude>
    <ClInclude Include="src\TestCases\BiHarmonicDD\2D\SquareBiHarDDTestCase.h">
      <Filter>TestCases\BiHarmonicDD\2D</Filter>
    </ClInclude>
    <ClInclude Include="src\TestCases\BiHarmonicDD\BiHarDDTestCaseFactory.h">
      <Filter>TestCases\BiHarmonicDD</Filter>
    </ClInclude>
    <ClInclude Include="src\Program\Program_BiHarmonic_HHO.h">
      <Filter>Program</Filter>
    </ClInclude>
    <ClInclude Include="src\TestCases\BiHarmonic\BiHarmonicTestCase.h">
      <Filter>TestCases\BiHarmonic</Filter>
    </ClInclude>
    <ClInclude Include="src\TestCases\BiHarmonic\BiHarTestCaseFactory.h">
      <Filter>TestCases\BiHarmonic</Filter>
    </ClInclude>
    <ClInclude Include="src\TestCases\BiHarmonic\2D\SquareBiHarTestCase.h">
      <Filter>TestCases\BiHarmonic\2D</Filter>
    </ClInclude>
    <ClInclude Include="src\HHO\BiHarmonicMixedForm_HHO.h">
      <Filter>HHO</Filter>
    </ClInclude>
  </ItemGroup>
  <ItemGroup>
    <Filter Include="Utils">
      <UniqueIdentifier>{7079c5d2-4dd6-49f7-a274-83d20735817f}</UniqueIdentifier>
    </Filter>
    <Filter Include="Mesh">
      <UniqueIdentifier>{089b5862-0021-4e98-a5ab-bd18df16a8d9}</UniqueIdentifier>
    </Filter>
    <Filter Include="DG">
      <UniqueIdentifier>{7cd70dab-3d97-4983-bc8d-6c981af51b1d}</UniqueIdentifier>
    </Filter>
    <Filter Include="HHO">
      <UniqueIdentifier>{5baa2ae8-8ff4-4937-bd5a-17cf25a395a1}</UniqueIdentifier>
    </Filter>
    <Filter Include="Solver">
      <UniqueIdentifier>{8e3314b3-0755-4923-b019-a6fc48fdcffd}</UniqueIdentifier>
    </Filter>
    <Filter Include="Mesh\1D">
      <UniqueIdentifier>{c0ff87ea-0e06-4982-ab2d-557707270d25}</UniqueIdentifier>
    </Filter>
    <Filter Include="Mesh\2D">
      <UniqueIdentifier>{3918712d-145e-4ded-97d0-fe4c46b54614}</UniqueIdentifier>
    </Filter>
    <Filter Include="Mesh\3D">
      <UniqueIdentifier>{300cd2ef-6bb5-4fc7-88f5-e9bd50d91391}</UniqueIdentifier>
    </Filter>
    <Filter Include="Geometry">
      <UniqueIdentifier>{ca3f71f6-ee5e-4863-8c02-a856f6b59c0f}</UniqueIdentifier>
    </Filter>
    <Filter Include="FunctionalBasis">
      <UniqueIdentifier>{6da564fc-5853-4076-bdfa-41507d49f132}</UniqueIdentifier>
    </Filter>
    <Filter Include="Geometry\2D">
      <UniqueIdentifier>{5f4d4409-6185-48be-9072-29fb9cd5013c}</UniqueIdentifier>
    </Filter>
    <Filter Include="Geometry\3D">
      <UniqueIdentifier>{75729409-1dee-45df-90f2-aff850dafef6}</UniqueIdentifier>
    </Filter>
    <Filter Include="QuadratureRules">
      <UniqueIdentifier>{0291c21a-a846-4e03-a04a-b30f06342806}</UniqueIdentifier>
    </Filter>
    <Filter Include="QuadratureRules\Dunavant">
      <UniqueIdentifier>{4a73e2fc-2e81-47cd-a7e1-b866a4c91d2e}</UniqueIdentifier>
    </Filter>
    <Filter Include="QuadratureRules\Keast">
      <UniqueIdentifier>{11856eda-cf75-4d81-9edc-34f6ad638120}</UniqueIdentifier>
    </Filter>
    <Filter Include="QuadratureRules\GaussLegendre">
      <UniqueIdentifier>{5ed631eb-356a-42b0-917c-74a3675aa1f0}</UniqueIdentifier>
    </Filter>
    <Filter Include="TestCases">
      <UniqueIdentifier>{bded7988-9cca-4a9d-90fa-b6170175c815}</UniqueIdentifier>
    </Filter>
    <Filter Include="Mesher">
      <UniqueIdentifier>{af6c1030-5562-4914-8ff7-21c9456cd080}</UniqueIdentifier>
    </Filter>
    <Filter Include="Mesher\InHouse">
      <UniqueIdentifier>{5129d27c-1b76-430e-b2a8-da33e7c1d28c}</UniqueIdentifier>
    </Filter>
    <Filter Include="Mesher\GMSH">
      <UniqueIdentifier>{5329c89b-b928-431c-b12a-f9fbb1eacb04}</UniqueIdentifier>
    </Filter>
    <Filter Include="Solver\Direct">
      <UniqueIdentifier>{401c8ebd-e12b-4101-bc68-4c1bea32620b}</UniqueIdentifier>
    </Filter>
    <Filter Include="Solver\FixedPoint">
      <UniqueIdentifier>{ff9bf2ce-f933-419d-b644-eb7268ac944a}</UniqueIdentifier>
    </Filter>
    <Filter Include="Solver\Krylov">
      <UniqueIdentifier>{aec56003-0c7d-4aeb-a8bb-b2d6292b1e7b}</UniqueIdentifier>
    </Filter>
    <Filter Include="Solver\Multigrid">
      <UniqueIdentifier>{08832248-49fb-478e-a747-6b1534550ad3}</UniqueIdentifier>
    </Filter>
    <Filter Include="Solver\Multigrid\AggregAMG">
      <UniqueIdentifier>{acf0ca4e-b82a-4327-89f6-08ec3d75857e}</UniqueIdentifier>
    </Filter>
    <Filter Include="Solver\Multigrid\MultigridForHHO">
      <UniqueIdentifier>{23533162-bb5b-4e7d-bfb7-d3bd513a4107}</UniqueIdentifier>
    </Filter>
    <Filter Include="Solver\Multigrid\UncondensedAMG">
      <UniqueIdentifier>{acc25f76-6138-4312-8787-666852f7a952}</UniqueIdentifier>
    </Filter>
    <Filter Include="Program">
      <UniqueIdentifier>{b6a60e33-8f74-4711-a795-c36e13e3d6f7}</UniqueIdentifier>
    </Filter>
    <Filter Include="TestCases\Diffusion">
      <UniqueIdentifier>{fdbe6122-0604-4581-98d3-c416587497eb}</UniqueIdentifier>
    </Filter>
    <Filter Include="TestCases\Diffusion\1D">
      <UniqueIdentifier>{1b093572-0888-4866-8ec9-5f4d612bd50c}</UniqueIdentifier>
    </Filter>
    <Filter Include="TestCases\Diffusion\2D">
      <UniqueIdentifier>{9e5f2d2e-7840-45a8-a1af-cd6998bcda65}</UniqueIdentifier>
    </Filter>
    <Filter Include="TestCases\Diffusion\3D">
      <UniqueIdentifier>{6eab9b73-ff39-406e-888d-cff70fdbbd5b}</UniqueIdentifier>
    </Filter>
    <Filter Include="TestCases\BiHarmonicDD">
      <UniqueIdentifier>{37a62d96-e868-443b-aa20-ed4e6440b31a}</UniqueIdentifier>
    </Filter>
    <Filter Include="TestCases\BiHarmonicDD\2D">
      <UniqueIdentifier>{f5e4f82d-09dc-41d9-99e7-b54b6ce74a2e}</UniqueIdentifier>
    </Filter>
    <Filter Include="TestCases\BiHarmonic">
      <UniqueIdentifier>{2a75a3a4-0037-4044-92cf-b2be5b5a78f7}</UniqueIdentifier>
    </Filter>
    <Filter Include="TestCases\BiHarmonic\2D">
      <UniqueIdentifier>{15cbc252-283a-406d-bc04-7ce4ce3759e7}</UniqueIdentifier>
    </Filter>
  </ItemGroup>
  <ItemGroup>
    <Text Include="README.txt" />
    <Text Include="CMakeLists.txt" />
  </ItemGroup>
  <ItemGroup>
    <None Include=".gitignore" />
  </ItemGroup>
</Project>